// !$*UTF8*$!
{
	archiveVersion = 1;
	classes = {
	};
	objectVersion = 46;
	objects = {

/* Begin PBXBuildFile section */
		B034EDB91BEBFD2600E8571D /* MealDetailViewController.m in Sources */ = {isa = PBXBuildFile; fileRef = B034EDB81BEBFD2600E8571D /* MealDetailViewController.m */; };
		B034EDBC1BEC01FE00E8571D /* RecipeViewController.m in Sources */ = {isa = PBXBuildFile; fileRef = B034EDBB1BEC01FE00E8571D /* RecipeViewController.m */; };
		B034EDBF1BEC04F400E8571D /* GroceryShoppingViewController.m in Sources */ = {isa = PBXBuildFile; fileRef = B034EDBE1BEC04F400E8571D /* GroceryShoppingViewController.m */; };
		B034EDE81BEC326D00E8571D /* Grocery.m in Sources */ = {isa = PBXBuildFile; fileRef = B034EDE71BEC326D00E8571D /* Grocery.m */; };
		DF2CB243DC7A990F7B1B0D1D /* libPods-TasteSwipeObjectiveCMantle.a in Frameworks */ = {isa = PBXBuildFile; fileRef = A3290F604B43CC7B4E6495C4 /* libPods-TasteSwipeObjectiveCMantle.a */; };
		E01EA2761BEA8C06002119B7 /* main.m in Sources */ = {isa = PBXBuildFile; fileRef = E01EA2751BEA8C06002119B7 /* main.m */; };
		E01EA2791BEA8C06002119B7 /* AppDelegate.m in Sources */ = {isa = PBXBuildFile; fileRef = E01EA2781BEA8C06002119B7 /* AppDelegate.m */; };
		E01EA27C1BEA8C06002119B7 /* ViewController.m in Sources */ = {isa = PBXBuildFile; fileRef = E01EA27B1BEA8C06002119B7 /* ViewController.m */; };
		E01EA27F1BEA8C06002119B7 /* Main.storyboard in Resources */ = {isa = PBXBuildFile; fileRef = E01EA27D1BEA8C06002119B7 /* Main.storyboard */; };
		E01EA2821BEA8C06002119B7 /* TasteSwipeObjectiveCMantle.xcdatamodeld in Sources */ = {isa = PBXBuildFile; fileRef = E01EA2801BEA8C06002119B7 /* TasteSwipeObjectiveCMantle.xcdatamodeld */; };
		E01EA2841BEA8C06002119B7 /* Assets.xcassets in Resources */ = {isa = PBXBuildFile; fileRef = E01EA2831BEA8C06002119B7 /* Assets.xcassets */; };
		E01EA2871BEA8C06002119B7 /* LaunchScreen.storyboard in Resources */ = {isa = PBXBuildFile; fileRef = E01EA2851BEA8C06002119B7 /* LaunchScreen.storyboard */; };
		E01EA2921BEA8C06002119B7 /* TasteSwipeObjectiveCMantleTests.m in Sources */ = {isa = PBXBuildFile; fileRef = E01EA2911BEA8C06002119B7 /* TasteSwipeObjectiveCMantleTests.m */; };
		E01EA29D1BEA8C06002119B7 /* TasteSwipeObjectiveCMantleUITests.m in Sources */ = {isa = PBXBuildFile; fileRef = E01EA29C1BEA8C06002119B7 /* TasteSwipeObjectiveCMantleUITests.m */; };
		E01EA2B21BEA9675002119B7 /* SwipeViewController.m in Sources */ = {isa = PBXBuildFile; fileRef = E01EA2B11BEA9675002119B7 /* SwipeViewController.m */; };
		E01EA2B51BEA96C1002119B7 /* SwipedCardView.m in Sources */ = {isa = PBXBuildFile; fileRef = E01EA2B41BEA96C1002119B7 /* SwipedCardView.m */; };
		E01EA2B71BEA9717002119B7 /* CoreGraphics.framework in Frameworks */ = {isa = PBXBuildFile; fileRef = E01EA2B61BEA9717002119B7 /* CoreGraphics.framework */; };
		E01EA2B91BEA972D002119B7 /* UIKit.framework in Frameworks */ = {isa = PBXBuildFile; fileRef = E01EA2B81BEA972D002119B7 /* UIKit.framework */; };
		E01EA2BC1BEA9AF2002119B7 /* SwipedCardBackgroundView.m in Sources */ = {isa = PBXBuildFile; fileRef = E01EA2BB1BEA9AF2002119B7 /* SwipedCardBackgroundView.m */; };
		E01EA2C21BEAA32B002119B7 /* OverlayView.m in Sources */ = {isa = PBXBuildFile; fileRef = E01EA2C11BEAA32B002119B7 /* OverlayView.m */; };
		E01EA2D51BEACE86002119B7 /* UserModel.m in Sources */ = {isa = PBXBuildFile; fileRef = E01EA2D41BEACE86002119B7 /* UserModel.m */; };
		E01EA2D81BEACE98002119B7 /* MealModel.m in Sources */ = {isa = PBXBuildFile; fileRef = E01EA2D71BEACE98002119B7 /* MealModel.m */; };
		E01EA3231BEBBA2B002119B7 /* Meal.m in Sources */ = {isa = PBXBuildFile; fileRef = E01EA3221BEBBA2B002119B7 /* Meal.m */; };
		E01EA3261BEBBA39002119B7 /* User.m in Sources */ = {isa = PBXBuildFile; fileRef = E01EA3251BEBBA39002119B7 /* User.m */; };
		E01EA3291BEBBA52002119B7 /* Consumable.m in Sources */ = {isa = PBXBuildFile; fileRef = E01EA3281BEBBA52002119B7 /* Consumable.m */; };
		E07F8F4E1BED0CB000E2E1E4 /* ToTryListTableViewCell.m in Sources */ = {isa = PBXBuildFile; fileRef = E07F8F4D1BED0CB000E2E1E4 /* ToTryListTableViewCell.m */; };
		E07F8F511BED0CD400E2E1E4 /* ToTryListViewController.m in Sources */ = {isa = PBXBuildFile; fileRef = E07F8F501BED0CD400E2E1E4 /* ToTryListViewController.m */; };
/* End PBXBuildFile section */

/* Begin PBXContainerItemProxy section */
		E01EA28E1BEA8C06002119B7 /* PBXContainerItemProxy */ = {
			isa = PBXContainerItemProxy;
			containerPortal = E01EA2691BEA8C06002119B7 /* Project object */;
			proxyType = 1;
			remoteGlobalIDString = E01EA2701BEA8C06002119B7;
			remoteInfo = TasteSwipeObjectiveCMantle;
		};
		E01EA2991BEA8C06002119B7 /* PBXContainerItemProxy */ = {
			isa = PBXContainerItemProxy;
			containerPortal = E01EA2691BEA8C06002119B7 /* Project object */;
			proxyType = 1;
			remoteGlobalIDString = E01EA2701BEA8C06002119B7;
			remoteInfo = TasteSwipeObjectiveCMantle;
		};
/* End PBXContainerItemProxy section */

/* Begin PBXFileReference section */
		227139A006BF727ADF283809 /* Pods-TasteSwipeObjectiveCMantle.debug.xcconfig */ = {isa = PBXFileReference; includeInIndex = 1; lastKnownFileType = text.xcconfig; name = "Pods-TasteSwipeObjectiveCMantle.debug.xcconfig"; path = "Pods/Target Support Files/Pods-TasteSwipeObjectiveCMantle/Pods-TasteSwipeObjectiveCMantle.debug.xcconfig"; sourceTree = "<group>"; };
		A3290F604B43CC7B4E6495C4 /* libPods-TasteSwipeObjectiveCMantle.a */ = {isa = PBXFileReference; explicitFileType = archive.ar; includeInIndex = 0; path = "libPods-TasteSwipeObjectiveCMantle.a"; sourceTree = BUILT_PRODUCTS_DIR; };
		B034EDB71BEBFD2600E8571D /* MealDetailViewController.h */ = {isa = PBXFileReference; fileEncoding = 4; lastKnownFileType = sourcecode.c.h; path = MealDetailViewController.h; sourceTree = "<group>"; };
		B034EDB81BEBFD2600E8571D /* MealDetailViewController.m */ = {isa = PBXFileReference; fileEncoding = 4; lastKnownFileType = sourcecode.c.objc; path = MealDetailViewController.m; sourceTree = "<group>"; };
		B034EDBA1BEC01FE00E8571D /* RecipeViewController.h */ = {isa = PBXFileReference; fileEncoding = 4; lastKnownFileType = sourcecode.c.h; path = RecipeViewController.h; sourceTree = "<group>"; };
		B034EDBB1BEC01FE00E8571D /* RecipeViewController.m */ = {isa = PBXFileReference; fileEncoding = 4; lastKnownFileType = sourcecode.c.objc; path = RecipeViewController.m; sourceTree = "<group>"; };
		B034EDBD1BEC04F400E8571D /* GroceryShoppingViewController.h */ = {isa = PBXFileReference; fileEncoding = 4; lastKnownFileType = sourcecode.c.h; path = GroceryShoppingViewController.h; sourceTree = "<group>"; };
		B034EDBE1BEC04F400E8571D /* GroceryShoppingViewController.m */ = {isa = PBXFileReference; fileEncoding = 4; lastKnownFileType = sourcecode.c.objc; path = GroceryShoppingViewController.m; sourceTree = "<group>"; };
		B034EDE61BEC326D00E8571D /* Grocery.h */ = {isa = PBXFileReference; fileEncoding = 4; lastKnownFileType = sourcecode.c.h; path = Grocery.h; sourceTree = "<group>"; };
		B034EDE71BEC326D00E8571D /* Grocery.m */ = {isa = PBXFileReference; fileEncoding = 4; lastKnownFileType = sourcecode.c.objc; path = Grocery.m; sourceTree = "<group>"; };
		E01EA2711BEA8C06002119B7 /* TasteSwipeObjectiveCMantle.app */ = {isa = PBXFileReference; explicitFileType = wrapper.application; includeInIndex = 0; path = TasteSwipeObjectiveCMantle.app; sourceTree = BUILT_PRODUCTS_DIR; };
		E01EA2751BEA8C06002119B7 /* main.m */ = {isa = PBXFileReference; lastKnownFileType = sourcecode.c.objc; path = main.m; sourceTree = "<group>"; };
		E01EA2771BEA8C06002119B7 /* AppDelegate.h */ = {isa = PBXFileReference; lastKnownFileType = sourcecode.c.h; path = AppDelegate.h; sourceTree = "<group>"; };
		E01EA2781BEA8C06002119B7 /* AppDelegate.m */ = {isa = PBXFileReference; lastKnownFileType = sourcecode.c.objc; path = AppDelegate.m; sourceTree = "<group>"; };
		E01EA27A1BEA8C06002119B7 /* ViewController.h */ = {isa = PBXFileReference; lastKnownFileType = sourcecode.c.h; path = ViewController.h; sourceTree = "<group>"; };
		E01EA27B1BEA8C06002119B7 /* ViewController.m */ = {isa = PBXFileReference; lastKnownFileType = sourcecode.c.objc; path = ViewController.m; sourceTree = "<group>"; };
		E01EA27E1BEA8C06002119B7 /* Base */ = {isa = PBXFileReference; lastKnownFileType = file.storyboard; name = Base; path = Base.lproj/Main.storyboard; sourceTree = "<group>"; };
		E01EA2811BEA8C06002119B7 /* TasteSwipeObjectiveCMantle.xcdatamodel */ = {isa = PBXFileReference; lastKnownFileType = wrapper.xcdatamodel; path = TasteSwipeObjectiveCMantle.xcdatamodel; sourceTree = "<group>"; };
		E01EA2831BEA8C06002119B7 /* Assets.xcassets */ = {isa = PBXFileReference; lastKnownFileType = folder.assetcatalog; path = Assets.xcassets; sourceTree = "<group>"; };
		E01EA2861BEA8C06002119B7 /* Base */ = {isa = PBXFileReference; lastKnownFileType = file.storyboard; name = Base; path = Base.lproj/LaunchScreen.storyboard; sourceTree = "<group>"; };
		E01EA2881BEA8C06002119B7 /* Info.plist */ = {isa = PBXFileReference; lastKnownFileType = text.plist.xml; path = Info.plist; sourceTree = "<group>"; };
		E01EA28D1BEA8C06002119B7 /* TasteSwipeObjectiveCMantleTests.xctest */ = {isa = PBXFileReference; explicitFileType = wrapper.cfbundle; includeInIndex = 0; path = TasteSwipeObjectiveCMantleTests.xctest; sourceTree = BUILT_PRODUCTS_DIR; };
		E01EA2911BEA8C06002119B7 /* TasteSwipeObjectiveCMantleTests.m */ = {isa = PBXFileReference; lastKnownFileType = sourcecode.c.objc; path = TasteSwipeObjectiveCMantleTests.m; sourceTree = "<group>"; };
		E01EA2931BEA8C06002119B7 /* Info.plist */ = {isa = PBXFileReference; lastKnownFileType = text.plist.xml; path = Info.plist; sourceTree = "<group>"; };
		E01EA2981BEA8C06002119B7 /* TasteSwipeObjectiveCMantleUITests.xctest */ = {isa = PBXFileReference; explicitFileType = wrapper.cfbundle; includeInIndex = 0; path = TasteSwipeObjectiveCMantleUITests.xctest; sourceTree = BUILT_PRODUCTS_DIR; };
		E01EA29C1BEA8C06002119B7 /* TasteSwipeObjectiveCMantleUITests.m */ = {isa = PBXFileReference; lastKnownFileType = sourcecode.c.objc; path = TasteSwipeObjectiveCMantleUITests.m; sourceTree = "<group>"; };
		E01EA29E1BEA8C06002119B7 /* Info.plist */ = {isa = PBXFileReference; lastKnownFileType = text.plist.xml; path = Info.plist; sourceTree = "<group>"; };
		E01EA2B01BEA9675002119B7 /* SwipeViewController.h */ = {isa = PBXFileReference; fileEncoding = 4; lastKnownFileType = sourcecode.c.h; path = SwipeViewController.h; sourceTree = "<group>"; };
		E01EA2B11BEA9675002119B7 /* SwipeViewController.m */ = {isa = PBXFileReference; fileEncoding = 4; lastKnownFileType = sourcecode.c.objc; path = SwipeViewController.m; sourceTree = "<group>"; };
		E01EA2B31BEA96C1002119B7 /* SwipedCardView.h */ = {isa = PBXFileReference; fileEncoding = 4; lastKnownFileType = sourcecode.c.h; path = SwipedCardView.h; sourceTree = "<group>"; };
		E01EA2B41BEA96C1002119B7 /* SwipedCardView.m */ = {isa = PBXFileReference; fileEncoding = 4; lastKnownFileType = sourcecode.c.objc; path = SwipedCardView.m; sourceTree = "<group>"; };
		E01EA2B61BEA9717002119B7 /* CoreGraphics.framework */ = {isa = PBXFileReference; lastKnownFileType = wrapper.framework; name = CoreGraphics.framework; path = System/Library/Frameworks/CoreGraphics.framework; sourceTree = SDKROOT; };
		E01EA2B81BEA972D002119B7 /* UIKit.framework */ = {isa = PBXFileReference; lastKnownFileType = wrapper.framework; name = UIKit.framework; path = System/Library/Frameworks/UIKit.framework; sourceTree = SDKROOT; };
		E01EA2BA1BEA9AF2002119B7 /* SwipedCardBackgroundView.h */ = {isa = PBXFileReference; fileEncoding = 4; lastKnownFileType = sourcecode.c.h; path = SwipedCardBackgroundView.h; sourceTree = "<group>"; };
		E01EA2BB1BEA9AF2002119B7 /* SwipedCardBackgroundView.m */ = {isa = PBXFileReference; fileEncoding = 4; lastKnownFileType = sourcecode.c.objc; path = SwipedCardBackgroundView.m; sourceTree = "<group>"; };
		E01EA2C01BEAA32B002119B7 /* OverlayView.h */ = {isa = PBXFileReference; fileEncoding = 4; lastKnownFileType = sourcecode.c.h; path = OverlayView.h; sourceTree = "<group>"; };
		E01EA2C11BEAA32B002119B7 /* OverlayView.m */ = {isa = PBXFileReference; fileEncoding = 4; lastKnownFileType = sourcecode.c.objc; path = OverlayView.m; sourceTree = "<group>"; };
		E01EA2D31BEACE86002119B7 /* UserModel.h */ = {isa = PBXFileReference; fileEncoding = 4; lastKnownFileType = sourcecode.c.h; path = UserModel.h; sourceTree = "<group>"; };
		E01EA2D41BEACE86002119B7 /* UserModel.m */ = {isa = PBXFileReference; fileEncoding = 4; lastKnownFileType = sourcecode.c.objc; path = UserModel.m; sourceTree = "<group>"; };
		E01EA2D61BEACE98002119B7 /* MealModel.h */ = {isa = PBXFileReference; fileEncoding = 4; lastKnownFileType = sourcecode.c.h; path = MealModel.h; sourceTree = "<group>"; };
		E01EA2D71BEACE98002119B7 /* MealModel.m */ = {isa = PBXFileReference; fileEncoding = 4; lastKnownFileType = sourcecode.c.objc; path = MealModel.m; sourceTree = "<group>"; };
		E01EA3211BEBBA2B002119B7 /* Meal.h */ = {isa = PBXFileReference; fileEncoding = 4; lastKnownFileType = sourcecode.c.h; path = Meal.h; sourceTree = "<group>"; };
		E01EA3221BEBBA2B002119B7 /* Meal.m */ = {isa = PBXFileReference; fileEncoding = 4; lastKnownFileType = sourcecode.c.objc; path = Meal.m; sourceTree = "<group>"; };
		E01EA3241BEBBA39002119B7 /* User.h */ = {isa = PBXFileReference; fileEncoding = 4; lastKnownFileType = sourcecode.c.h; path = User.h; sourceTree = "<group>"; };
		E01EA3251BEBBA39002119B7 /* User.m */ = {isa = PBXFileReference; fileEncoding = 4; lastKnownFileType = sourcecode.c.objc; path = User.m; sourceTree = "<group>"; };
		E01EA3271BEBBA52002119B7 /* Consumable.h */ = {isa = PBXFileReference; fileEncoding = 4; lastKnownFileType = sourcecode.c.h; path = Consumable.h; sourceTree = "<group>"; };
		E01EA3281BEBBA52002119B7 /* Consumable.m */ = {isa = PBXFileReference; fileEncoding = 4; lastKnownFileType = sourcecode.c.objc; path = Consumable.m; sourceTree = "<group>"; };
		E07F8F4C1BED0CB000E2E1E4 /* ToTryListTableViewCell.h */ = {isa = PBXFileReference; fileEncoding = 4; lastKnownFileType = sourcecode.c.h; path = ToTryListTableViewCell.h; sourceTree = "<group>"; };
		E07F8F4D1BED0CB000E2E1E4 /* ToTryListTableViewCell.m */ = {isa = PBXFileReference; fileEncoding = 4; lastKnownFileType = sourcecode.c.objc; path = ToTryListTableViewCell.m; sourceTree = "<group>"; };
		E07F8F4F1BED0CD400E2E1E4 /* ToTryListViewController.h */ = {isa = PBXFileReference; fileEncoding = 4; lastKnownFileType = sourcecode.c.h; path = ToTryListViewController.h; sourceTree = "<group>"; };
		E07F8F501BED0CD400E2E1E4 /* ToTryListViewController.m */ = {isa = PBXFileReference; fileEncoding = 4; lastKnownFileType = sourcecode.c.objc; path = ToTryListViewController.m; sourceTree = "<group>"; };
		EA664A421B80E6424FB40E97 /* Pods-TasteSwipeObjectiveCMantle.release.xcconfig */ = {isa = PBXFileReference; includeInIndex = 1; lastKnownFileType = text.xcconfig; name = "Pods-TasteSwipeObjectiveCMantle.release.xcconfig"; path = "Pods/Target Support Files/Pods-TasteSwipeObjectiveCMantle/Pods-TasteSwipeObjectiveCMantle.release.xcconfig"; sourceTree = "<group>"; };
/* End PBXFileReference section */

/* Begin PBXFrameworksBuildPhase section */
		E01EA26E1BEA8C06002119B7 /* Frameworks */ = {
			isa = PBXFrameworksBuildPhase;
			buildActionMask = 2147483647;
			files = (
				E01EA2B91BEA972D002119B7 /* UIKit.framework in Frameworks */,
				E01EA2B71BEA9717002119B7 /* CoreGraphics.framework in Frameworks */,
				DF2CB243DC7A990F7B1B0D1D /* libPods-TasteSwipeObjectiveCMantle.a in Frameworks */,
			);
			runOnlyForDeploymentPostprocessing = 0;
		};
		E01EA28A1BEA8C06002119B7 /* Frameworks */ = {
			isa = PBXFrameworksBuildPhase;
			buildActionMask = 2147483647;
			files = (
			);
			runOnlyForDeploymentPostprocessing = 0;
		};
		E01EA2951BEA8C06002119B7 /* Frameworks */ = {
			isa = PBXFrameworksBuildPhase;
			buildActionMask = 2147483647;
			files = (
			);
			runOnlyForDeploymentPostprocessing = 0;
		};
/* End PBXFrameworksBuildPhase section */

/* Begin PBXGroup section */
		4FB17B474F244F52EBFAC281 /* Pods */ = {
			isa = PBXGroup;
			children = (
				227139A006BF727ADF283809 /* Pods-TasteSwipeObjectiveCMantle.debug.xcconfig */,
				EA664A421B80E6424FB40E97 /* Pods-TasteSwipeObjectiveCMantle.release.xcconfig */,
			);
			name = Pods;
			sourceTree = "<group>";
		};
		E01EA2681BEA8C06002119B7 = {
			isa = PBXGroup;
			children = (
				E01EA2731BEA8C06002119B7 /* TasteSwipeObjectiveCMantle */,
				E01EA2901BEA8C06002119B7 /* TasteSwipeObjectiveCMantleTests */,
				E01EA29B1BEA8C06002119B7 /* TasteSwipeObjectiveCMantleUITests */,
				E01EA2721BEA8C06002119B7 /* Products */,
				4FB17B474F244F52EBFAC281 /* Pods */,
				E37902DCB3869D920F2D01C5 /* Frameworks */,
			);
			sourceTree = "<group>";
		};
		E01EA2721BEA8C06002119B7 /* Products */ = {
			isa = PBXGroup;
			children = (
				E01EA2711BEA8C06002119B7 /* TasteSwipeObjectiveCMantle.app */,
				E01EA28D1BEA8C06002119B7 /* TasteSwipeObjectiveCMantleTests.xctest */,
				E01EA2981BEA8C06002119B7 /* TasteSwipeObjectiveCMantleUITests.xctest */,
			);
			name = Products;
			sourceTree = "<group>";
		};
		E01EA2731BEA8C06002119B7 /* TasteSwipeObjectiveCMantle */ = {
			isa = PBXGroup;
			children = (
				E01EA2771BEA8C06002119B7 /* AppDelegate.h */,
				E01EA2781BEA8C06002119B7 /* AppDelegate.m */,
				E01EA27D1BEA8C06002119B7 /* Main.storyboard */,
				E01EA27A1BEA8C06002119B7 /* ViewController.h */,
				E01EA27B1BEA8C06002119B7 /* ViewController.m */,
				E01EA2B01BEA9675002119B7 /* SwipeViewController.h */,
				E01EA2B11BEA9675002119B7 /* SwipeViewController.m */,
				E01EA2BA1BEA9AF2002119B7 /* SwipedCardBackgroundView.h */,
				E01EA2BB1BEA9AF2002119B7 /* SwipedCardBackgroundView.m */,
				E01EA2B31BEA96C1002119B7 /* SwipedCardView.h */,
				E01EA2B41BEA96C1002119B7 /* SwipedCardView.m */,
				B034EDB71BEBFD2600E8571D /* MealDetailViewController.h */,
				B034EDB81BEBFD2600E8571D /* MealDetailViewController.m */,
				B034EDBA1BEC01FE00E8571D /* RecipeViewController.h */,
				B034EDBB1BEC01FE00E8571D /* RecipeViewController.m */,
				B034EDBD1BEC04F400E8571D /* GroceryShoppingViewController.h */,
				B034EDBE1BEC04F400E8571D /* GroceryShoppingViewController.m */,
				E07F8F4F1BED0CD400E2E1E4 /* ToTryListViewController.h */,
				E07F8F501BED0CD400E2E1E4 /* ToTryListViewController.m */,
				E01EA2C01BEAA32B002119B7 /* OverlayView.h */,
				E01EA2C11BEAA32B002119B7 /* OverlayView.m */,
				E01EA2831BEA8C06002119B7 /* Assets.xcassets */,
				E01EA2851BEA8C06002119B7 /* LaunchScreen.storyboard */,
				E01EA2881BEA8C06002119B7 /* Info.plist */,
				E01EA2801BEA8C06002119B7 /* TasteSwipeObjectiveCMantle.xcdatamodeld */,
				E01EA2C61BEAC803002119B7 /* CustomClasses */,
				E01EA2741BEA8C06002119B7 /* Supporting Files */,
			);
			path = TasteSwipeObjectiveCMantle;
			sourceTree = "<group>";
		};
		E01EA2741BEA8C06002119B7 /* Supporting Files */ = {
			isa = PBXGroup;
			children = (
				E01EA2751BEA8C06002119B7 /* main.m */,
			);
			name = "Supporting Files";
			sourceTree = "<group>";
		};
		E01EA2901BEA8C06002119B7 /* TasteSwipeObjectiveCMantleTests */ = {
			isa = PBXGroup;
			children = (
				E01EA2911BEA8C06002119B7 /* TasteSwipeObjectiveCMantleTests.m */,
				E01EA2931BEA8C06002119B7 /* Info.plist */,
			);
			path = TasteSwipeObjectiveCMantleTests;
			sourceTree = "<group>";
		};
		E01EA29B1BEA8C06002119B7 /* TasteSwipeObjectiveCMantleUITests */ = {
			isa = PBXGroup;
			children = (
				E01EA29C1BEA8C06002119B7 /* TasteSwipeObjectiveCMantleUITests.m */,
				E01EA29E1BEA8C06002119B7 /* Info.plist */,
			);
			path = TasteSwipeObjectiveCMantleUITests;
			sourceTree = "<group>";
		};
		E01EA2C61BEAC803002119B7 /* CustomClasses */ = {
			isa = PBXGroup;
			children = (
				E07F8F4C1BED0CB000E2E1E4 /* ToTryListTableViewCell.h */,
				E07F8F4D1BED0CB000E2E1E4 /* ToTryListTableViewCell.m */,
				E01EA2D31BEACE86002119B7 /* UserModel.h */,
				E01EA2D41BEACE86002119B7 /* UserModel.m */,
				E01EA2D61BEACE98002119B7 /* MealModel.h */,
				E01EA2D71BEACE98002119B7 /* MealModel.m */,
				E01EA3211BEBBA2B002119B7 /* Meal.h */,
				E01EA3221BEBBA2B002119B7 /* Meal.m */,
				E01EA3241BEBBA39002119B7 /* User.h */,
				E01EA3251BEBBA39002119B7 /* User.m */,
				E01EA3271BEBBA52002119B7 /* Consumable.h */,
				E01EA3281BEBBA52002119B7 /* Consumable.m */,
				B034EDE61BEC326D00E8571D /* Grocery.h */,
				B034EDE71BEC326D00E8571D /* Grocery.m */,
			);
			name = CustomClasses;
			sourceTree = "<group>";
		};
		E37902DCB3869D920F2D01C5 /* Frameworks */ = {
			isa = PBXGroup;
			children = (
				E01EA2B81BEA972D002119B7 /* UIKit.framework */,
				E01EA2B61BEA9717002119B7 /* CoreGraphics.framework */,
				A3290F604B43CC7B4E6495C4 /* libPods-TasteSwipeObjectiveCMantle.a */,
			);
			name = Frameworks;
			sourceTree = "<group>";
		};
/* End PBXGroup section */

/* Begin PBXNativeTarget section */
		E01EA2701BEA8C06002119B7 /* TasteSwipeObjectiveCMantle */ = {
			isa = PBXNativeTarget;
			buildConfigurationList = E01EA2A11BEA8C06002119B7 /* Build configuration list for PBXNativeTarget "TasteSwipeObjectiveCMantle" */;
			buildPhases = (
				694509842D3B0207A1685F05 /* Check Pods Manifest.lock */,
				E01EA26D1BEA8C06002119B7 /* Sources */,
				E01EA26E1BEA8C06002119B7 /* Frameworks */,
				E01EA26F1BEA8C06002119B7 /* Resources */,
				FBFA83DC0E02ABDCCE9BDF37 /* Embed Pods Frameworks */,
				0DAE30F3BAC9C78E8C21FC2F /* Copy Pods Resources */,
			);
			buildRules = (
			);
			dependencies = (
			);
			name = TasteSwipeObjectiveCMantle;
			productName = TasteSwipeObjectiveCMantle;
			productReference = E01EA2711BEA8C06002119B7 /* TasteSwipeObjectiveCMantle.app */;
			productType = "com.apple.product-type.application";
		};
		E01EA28C1BEA8C06002119B7 /* TasteSwipeObjectiveCMantleTests */ = {
			isa = PBXNativeTarget;
			buildConfigurationList = E01EA2A41BEA8C06002119B7 /* Build configuration list for PBXNativeTarget "TasteSwipeObjectiveCMantleTests" */;
			buildPhases = (
				E01EA2891BEA8C06002119B7 /* Sources */,
				E01EA28A1BEA8C06002119B7 /* Frameworks */,
				E01EA28B1BEA8C06002119B7 /* Resources */,
			);
			buildRules = (
			);
			dependencies = (
				E01EA28F1BEA8C06002119B7 /* PBXTargetDependency */,
			);
			name = TasteSwipeObjectiveCMantleTests;
			productName = TasteSwipeObjectiveCMantleTests;
			productReference = E01EA28D1BEA8C06002119B7 /* TasteSwipeObjectiveCMantleTests.xctest */;
			productType = "com.apple.product-type.bundle.unit-test";
		};
		E01EA2971BEA8C06002119B7 /* TasteSwipeObjectiveCMantleUITests */ = {
			isa = PBXNativeTarget;
			buildConfigurationList = E01EA2A71BEA8C06002119B7 /* Build configuration list for PBXNativeTarget "TasteSwipeObjectiveCMantleUITests" */;
			buildPhases = (
				E01EA2941BEA8C06002119B7 /* Sources */,
				E01EA2951BEA8C06002119B7 /* Frameworks */,
				E01EA2961BEA8C06002119B7 /* Resources */,
			);
			buildRules = (
			);
			dependencies = (
				E01EA29A1BEA8C06002119B7 /* PBXTargetDependency */,
			);
			name = TasteSwipeObjectiveCMantleUITests;
			productName = TasteSwipeObjectiveCMantleUITests;
			productReference = E01EA2981BEA8C06002119B7 /* TasteSwipeObjectiveCMantleUITests.xctest */;
			productType = "com.apple.product-type.bundle.ui-testing";
		};
/* End PBXNativeTarget section */

/* Begin PBXProject section */
		E01EA2691BEA8C06002119B7 /* Project object */ = {
			isa = PBXProject;
			attributes = {
				LastUpgradeCheck = 0710;
				ORGANIZATIONNAME = "Daniel Barrido";
				TargetAttributes = {
					E01EA2701BEA8C06002119B7 = {
						CreatedOnToolsVersion = 7.1;
						DevelopmentTeam = 4BKZPEQX5J;
					};
					E01EA28C1BEA8C06002119B7 = {
						CreatedOnToolsVersion = 7.1;
						DevelopmentTeam = 4BKZPEQX5J;
						TestTargetID = E01EA2701BEA8C06002119B7;
					};
					E01EA2971BEA8C06002119B7 = {
						CreatedOnToolsVersion = 7.1;
						DevelopmentTeam = 4BKZPEQX5J;
						TestTargetID = E01EA2701BEA8C06002119B7;
					};
				};
			};
			buildConfigurationList = E01EA26C1BEA8C06002119B7 /* Build configuration list for PBXProject "TasteSwipeObjectiveCMantle" */;
			compatibilityVersion = "Xcode 3.2";
			developmentRegion = English;
			hasScannedForEncodings = 0;
			knownRegions = (
				en,
				Base,
			);
			mainGroup = E01EA2681BEA8C06002119B7;
			productRefGroup = E01EA2721BEA8C06002119B7 /* Products */;
			projectDirPath = "";
			projectRoot = "";
			targets = (
				E01EA2701BEA8C06002119B7 /* TasteSwipeObjectiveCMantle */,
				E01EA28C1BEA8C06002119B7 /* TasteSwipeObjectiveCMantleTests */,
				E01EA2971BEA8C06002119B7 /* TasteSwipeObjectiveCMantleUITests */,
			);
		};
/* End PBXProject section */

/* Begin PBXResourcesBuildPhase section */
		E01EA26F1BEA8C06002119B7 /* Resources */ = {
			isa = PBXResourcesBuildPhase;
			buildActionMask = 2147483647;
			files = (
				E01EA2871BEA8C06002119B7 /* LaunchScreen.storyboard in Resources */,
				E01EA2841BEA8C06002119B7 /* Assets.xcassets in Resources */,
				E01EA27F1BEA8C06002119B7 /* Main.storyboard in Resources */,
			);
			runOnlyForDeploymentPostprocessing = 0;
		};
		E01EA28B1BEA8C06002119B7 /* Resources */ = {
			isa = PBXResourcesBuildPhase;
			buildActionMask = 2147483647;
			files = (
			);
			runOnlyForDeploymentPostprocessing = 0;
		};
		E01EA2961BEA8C06002119B7 /* Resources */ = {
			isa = PBXResourcesBuildPhase;
			buildActionMask = 2147483647;
			files = (
			);
			runOnlyForDeploymentPostprocessing = 0;
		};
/* End PBXResourcesBuildPhase section */

/* Begin PBXShellScriptBuildPhase section */
		0DAE30F3BAC9C78E8C21FC2F /* Copy Pods Resources */ = {
			isa = PBXShellScriptBuildPhase;
			buildActionMask = 2147483647;
			files = (
			);
			inputPaths = (
			);
			name = "Copy Pods Resources";
			outputPaths = (
			);
			runOnlyForDeploymentPostprocessing = 0;
			shellPath = /bin/sh;
			shellScript = "\"${SRCROOT}/Pods/Target Support Files/Pods-TasteSwipeObjectiveCMantle/Pods-TasteSwipeObjectiveCMantle-resources.sh\"\n";
			showEnvVarsInLog = 0;
		};
		694509842D3B0207A1685F05 /* Check Pods Manifest.lock */ = {
			isa = PBXShellScriptBuildPhase;
			buildActionMask = 2147483647;
			files = (
			);
			inputPaths = (
			);
			name = "Check Pods Manifest.lock";
			outputPaths = (
			);
			runOnlyForDeploymentPostprocessing = 0;
			shellPath = /bin/sh;
			shellScript = "diff \"${PODS_ROOT}/../Podfile.lock\" \"${PODS_ROOT}/Manifest.lock\" > /dev/null\nif [[ $? != 0 ]] ; then\n    cat << EOM\nerror: The sandbox is not in sync with the Podfile.lock. Run 'pod install' or update your CocoaPods installation.\nEOM\n    exit 1\nfi\n";
			showEnvVarsInLog = 0;
		};
		FBFA83DC0E02ABDCCE9BDF37 /* Embed Pods Frameworks */ = {
			isa = PBXShellScriptBuildPhase;
			buildActionMask = 2147483647;
			files = (
			);
			inputPaths = (
			);
			name = "Embed Pods Frameworks";
			outputPaths = (
			);
			runOnlyForDeploymentPostprocessing = 0;
			shellPath = /bin/sh;
			shellScript = "\"${SRCROOT}/Pods/Target Support Files/Pods-TasteSwipeObjectiveCMantle/Pods-TasteSwipeObjectiveCMantle-frameworks.sh\"\n";
			showEnvVarsInLog = 0;
		};
/* End PBXShellScriptBuildPhase section */

/* Begin PBXSourcesBuildPhase section */
		E01EA26D1BEA8C06002119B7 /* Sources */ = {
			isa = PBXSourcesBuildPhase;
			buildActionMask = 2147483647;
			files = (
				E01EA2B51BEA96C1002119B7 /* SwipedCardView.m in Sources */,
				E01EA3231BEBBA2B002119B7 /* Meal.m in Sources */,
				E01EA27C1BEA8C06002119B7 /* ViewController.m in Sources */,
				E01EA2791BEA8C06002119B7 /* AppDelegate.m in Sources */,
				B034EDB91BEBFD2600E8571D /* MealDetailViewController.m in Sources */,
				E01EA2BC1BEA9AF2002119B7 /* SwipedCardBackgroundView.m in Sources */,
				E01EA2761BEA8C06002119B7 /* main.m in Sources */,
				E07F8F511BED0CD400E2E1E4 /* ToTryListViewController.m in Sources */,
				E01EA2C21BEAA32B002119B7 /* OverlayView.m in Sources */,
				E01EA2B21BEA9675002119B7 /* SwipeViewController.m in Sources */,
				E01EA3261BEBBA39002119B7 /* User.m in Sources */,
				E07F8F4E1BED0CB000E2E1E4 /* ToTryListTableViewCell.m in Sources */,
				E01EA2821BEA8C06002119B7 /* TasteSwipeObjectiveCMantle.xcdatamodeld in Sources */,
				B034EDE81BEC326D00E8571D /* Grocery.m in Sources */,
				E01EA2D81BEACE98002119B7 /* MealModel.m in Sources */,
				B034EDBF1BEC04F400E8571D /* GroceryShoppingViewController.m in Sources */,
				E01EA3291BEBBA52002119B7 /* Consumable.m in Sources */,
				E01EA2D51BEACE86002119B7 /* UserModel.m in Sources */,
				B034EDBC1BEC01FE00E8571D /* RecipeViewController.m in Sources */,
			);
			runOnlyForDeploymentPostprocessing = 0;
		};
		E01EA2891BEA8C06002119B7 /* Sources */ = {
			isa = PBXSourcesBuildPhase;
			buildActionMask = 2147483647;
			files = (
				E01EA2921BEA8C06002119B7 /* TasteSwipeObjectiveCMantleTests.m in Sources */,
			);
			runOnlyForDeploymentPostprocessing = 0;
		};
		E01EA2941BEA8C06002119B7 /* Sources */ = {
			isa = PBXSourcesBuildPhase;
			buildActionMask = 2147483647;
			files = (
				E01EA29D1BEA8C06002119B7 /* TasteSwipeObjectiveCMantleUITests.m in Sources */,
			);
			runOnlyForDeploymentPostprocessing = 0;
		};
/* End PBXSourcesBuildPhase section */

/* Begin PBXTargetDependency section */
		E01EA28F1BEA8C06002119B7 /* PBXTargetDependency */ = {
			isa = PBXTargetDependency;
			target = E01EA2701BEA8C06002119B7 /* TasteSwipeObjectiveCMantle */;
			targetProxy = E01EA28E1BEA8C06002119B7 /* PBXContainerItemProxy */;
		};
		E01EA29A1BEA8C06002119B7 /* PBXTargetDependency */ = {
			isa = PBXTargetDependency;
			target = E01EA2701BEA8C06002119B7 /* TasteSwipeObjectiveCMantle */;
			targetProxy = E01EA2991BEA8C06002119B7 /* PBXContainerItemProxy */;
		};
/* End PBXTargetDependency section */

/* Begin PBXVariantGroup section */
		E01EA27D1BEA8C06002119B7 /* Main.storyboard */ = {
			isa = PBXVariantGroup;
			children = (
				E01EA27E1BEA8C06002119B7 /* Base */,
			);
			name = Main.storyboard;
			sourceTree = "<group>";
		};
		E01EA2851BEA8C06002119B7 /* LaunchScreen.storyboard */ = {
			isa = PBXVariantGroup;
			children = (
				E01EA2861BEA8C06002119B7 /* Base */,
			);
			name = LaunchScreen.storyboard;
			sourceTree = "<group>";
		};
/* End PBXVariantGroup section */

/* Begin XCBuildConfiguration section */
		E01EA29F1BEA8C06002119B7 /* Debug */ = {
			isa = XCBuildConfiguration;
			buildSettings = {
				ALWAYS_SEARCH_USER_PATHS = NO;
				CLANG_CXX_LANGUAGE_STANDARD = "gnu++0x";
				CLANG_CXX_LIBRARY = "libc++";
				CLANG_ENABLE_MODULES = YES;
				CLANG_ENABLE_OBJC_ARC = YES;
				CLANG_WARN_BOOL_CONVERSION = YES;
				CLANG_WARN_CONSTANT_CONVERSION = YES;
				CLANG_WARN_DIRECT_OBJC_ISA_USAGE = YES_ERROR;
				CLANG_WARN_EMPTY_BODY = YES;
				CLANG_WARN_ENUM_CONVERSION = YES;
				CLANG_WARN_INT_CONVERSION = YES;
				CLANG_WARN_OBJC_ROOT_CLASS = YES_ERROR;
				CLANG_WARN_UNREACHABLE_CODE = YES;
				CLANG_WARN__DUPLICATE_METHOD_MATCH = YES;
				"CODE_SIGN_IDENTITY[sdk=iphoneos*]" = "iPhone Developer";
				COPY_PHASE_STRIP = NO;
				DEBUG_INFORMATION_FORMAT = dwarf;
				ENABLE_STRICT_OBJC_MSGSEND = YES;
				ENABLE_TESTABILITY = YES;
				GCC_C_LANGUAGE_STANDARD = gnu99;
				GCC_DYNAMIC_NO_PIC = NO;
				GCC_NO_COMMON_BLOCKS = YES;
				GCC_OPTIMIZATION_LEVEL = 0;
				GCC_PREPROCESSOR_DEFINITIONS = (
					"DEBUG=1",
					"$(inherited)",
				);
				GCC_WARN_64_TO_32_BIT_CONVERSION = YES;
				GCC_WARN_ABOUT_RETURN_TYPE = YES_ERROR;
				GCC_WARN_UNDECLARED_SELECTOR = YES;
				GCC_WARN_UNINITIALIZED_AUTOS = YES_AGGRESSIVE;
				GCC_WARN_UNUSED_FUNCTION = YES;
				GCC_WARN_UNUSED_VARIABLE = YES;
				IPHONEOS_DEPLOYMENT_TARGET = 9.1;
				MTL_ENABLE_DEBUG_INFO = YES;
				ONLY_ACTIVE_ARCH = YES;
				SDKROOT = iphoneos;
			};
			name = Debug;
		};
		E01EA2A01BEA8C06002119B7 /* Release */ = {
			isa = XCBuildConfiguration;
			buildSettings = {
				ALWAYS_SEARCH_USER_PATHS = NO;
				CLANG_CXX_LANGUAGE_STANDARD = "gnu++0x";
				CLANG_CXX_LIBRARY = "libc++";
				CLANG_ENABLE_MODULES = YES;
				CLANG_ENABLE_OBJC_ARC = YES;
				CLANG_WARN_BOOL_CONVERSION = YES;
				CLANG_WARN_CONSTANT_CONVERSION = YES;
				CLANG_WARN_DIRECT_OBJC_ISA_USAGE = YES_ERROR;
				CLANG_WARN_EMPTY_BODY = YES;
				CLANG_WARN_ENUM_CONVERSION = YES;
				CLANG_WARN_INT_CONVERSION = YES;
				CLANG_WARN_OBJC_ROOT_CLASS = YES_ERROR;
				CLANG_WARN_UNREACHABLE_CODE = YES;
				CLANG_WARN__DUPLICATE_METHOD_MATCH = YES;
				"CODE_SIGN_IDENTITY[sdk=iphoneos*]" = "iPhone Developer";
				COPY_PHASE_STRIP = NO;
				DEBUG_INFORMATION_FORMAT = "dwarf-with-dsym";
				ENABLE_NS_ASSERTIONS = NO;
				ENABLE_STRICT_OBJC_MSGSEND = YES;
				GCC_C_LANGUAGE_STANDARD = gnu99;
				GCC_NO_COMMON_BLOCKS = YES;
				GCC_WARN_64_TO_32_BIT_CONVERSION = YES;
				GCC_WARN_ABOUT_RETURN_TYPE = YES_ERROR;
				GCC_WARN_UNDECLARED_SELECTOR = YES;
				GCC_WARN_UNINITIALIZED_AUTOS = YES_AGGRESSIVE;
				GCC_WARN_UNUSED_FUNCTION = YES;
				GCC_WARN_UNUSED_VARIABLE = YES;
				IPHONEOS_DEPLOYMENT_TARGET = 9.1;
				MTL_ENABLE_DEBUG_INFO = NO;
				SDKROOT = iphoneos;
				VALIDATE_PRODUCT = YES;
			};
			name = Release;
		};
		E01EA2A21BEA8C06002119B7 /* Debug */ = {
			isa = XCBuildConfiguration;
			baseConfigurationReference = 227139A006BF727ADF283809 /* Pods-TasteSwipeObjectiveCMantle.debug.xcconfig */;
			buildSettings = {
				ASSETCATALOG_COMPILER_APPICON_NAME = AppIcon;
				INFOPLIST_FILE = TasteSwipeObjectiveCMantle/Info.plist;
				LD_RUNPATH_SEARCH_PATHS = "$(inherited) @executable_path/Frameworks";
				PRODUCT_BUNDLE_IDENTIFIER = danielbarrido.TasteSwipeObjectiveCMantle;
				PRODUCT_NAME = "$(TARGET_NAME)";
			};
			name = Debug;
		};
		E01EA2A31BEA8C06002119B7 /* Release */ = {
			isa = XCBuildConfiguration;
			baseConfigurationReference = EA664A421B80E6424FB40E97 /* Pods-TasteSwipeObjectiveCMantle.release.xcconfig */;
			buildSettings = {
				ASSETCATALOG_COMPILER_APPICON_NAME = AppIcon;
				INFOPLIST_FILE = TasteSwipeObjectiveCMantle/Info.plist;
				LD_RUNPATH_SEARCH_PATHS = "$(inherited) @executable_path/Frameworks";
				PRODUCT_BUNDLE_IDENTIFIER = danielbarrido.TasteSwipeObjectiveCMantle;
				PRODUCT_NAME = "$(TARGET_NAME)";
			};
			name = Release;
		};
		E01EA2A51BEA8C06002119B7 /* Debug */ = {
			isa = XCBuildConfiguration;
			buildSettings = {
				BUNDLE_LOADER = "$(TEST_HOST)";
				INFOPLIST_FILE = TasteSwipeObjectiveCMantleTests/Info.plist;
				LD_RUNPATH_SEARCH_PATHS = "$(inherited) @executable_path/Frameworks @loader_path/Frameworks";
				PRODUCT_BUNDLE_IDENTIFIER = danielbarrido.TasteSwipeObjectiveCMantleTests;
				PRODUCT_NAME = "$(TARGET_NAME)";
				TEST_HOST = "$(BUILT_PRODUCTS_DIR)/TasteSwipeObjectiveCMantle.app/TasteSwipeObjectiveCMantle";
			};
			name = Debug;
		};
		E01EA2A61BEA8C06002119B7 /* Release */ = {
			isa = XCBuildConfiguration;
			buildSettings = {
				BUNDLE_LOADER = "$(TEST_HOST)";
				INFOPLIST_FILE = TasteSwipeObjectiveCMantleTests/Info.plist;
				LD_RUNPATH_SEARCH_PATHS = "$(inherited) @executable_path/Frameworks @loader_path/Frameworks";
				PRODUCT_BUNDLE_IDENTIFIER = danielbarrido.TasteSwipeObjectiveCMantleTests;
				PRODUCT_NAME = "$(TARGET_NAME)";
				TEST_HOST = "$(BUILT_PRODUCTS_DIR)/TasteSwipeObjectiveCMantle.app/TasteSwipeObjectiveCMantle";
			};
			name = Release;
		};
		E01EA2A81BEA8C06002119B7 /* Debug */ = {
			isa = XCBuildConfiguration;
			buildSettings = {
				INFOPLIST_FILE = TasteSwipeObjectiveCMantleUITests/Info.plist;
				LD_RUNPATH_SEARCH_PATHS = "$(inherited) @executable_path/Frameworks @loader_path/Frameworks";
				PRODUCT_BUNDLE_IDENTIFIER = danielbarrido.TasteSwipeObjectiveCMantleUITests;
				PRODUCT_NAME = "$(TARGET_NAME)";
				TEST_TARGET_NAME = TasteSwipeObjectiveCMantle;
				USES_XCTRUNNER = YES;
			};
			name = Debug;
		};
		E01EA2A91BEA8C06002119B7 /* Release */ = {
			isa = XCBuildConfiguration;
			buildSettings = {
				INFOPLIST_FILE = TasteSwipeObjectiveCMantleUITests/Info.plist;
				LD_RUNPATH_SEARCH_PATHS = "$(inherited) @executable_path/Frameworks @loader_path/Frameworks";
				PRODUCT_BUNDLE_IDENTIFIER = danielbarrido.TasteSwipeObjectiveCMantleUITests;
				PRODUCT_NAME = "$(TARGET_NAME)";
				TEST_TARGET_NAME = TasteSwipeObjectiveCMantle;
				USES_XCTRUNNER = YES;
			};
			name = Release;
		};
/* End XCBuildConfiguration section */

/* Begin XCConfigurationList section */
		E01EA26C1BEA8C06002119B7 /* Build configuration list for PBXProject "TasteSwipeObjectiveCMantle" */ = {
			isa = XCConfigurationList;
			buildConfigurations = (
				E01EA29F1BEA8C06002119B7 /* Debug */,
				E01EA2A01BEA8C06002119B7 /* Release */,
			);
			defaultConfigurationIsVisible = 0;
			defaultConfigurationName = Release;
		};
		E01EA2A11BEA8C06002119B7 /* Build configuration list for PBXNativeTarget "TasteSwipeObjectiveCMantle" */ = {
			isa = XCConfigurationList;
			buildConfigurations = (
				E01EA2A21BEA8C06002119B7 /* Debug */,
				E01EA2A31BEA8C06002119B7 /* Release */,
			);
			defaultConfigurationIsVisible = 0;
			defaultConfigurationName = Release;
		};
		E01EA2A41BEA8C06002119B7 /* Build configuration list for PBXNativeTarget "TasteSwipeObjectiveCMantleTests" */ = {
			isa = XCConfigurationList;
			buildConfigurations = (
				E01EA2A51BEA8C06002119B7 /* Debug */,
				E01EA2A61BEA8C06002119B7 /* Release */,
			);
			defaultConfigurationIsVisible = 0;
			defaultConfigurationName = Release;
		};
		E01EA2A71BEA8C06002119B7 /* Build configuration list for PBXNativeTarget "TasteSwipeObjectiveCMantleUITests" */ = {
			isa = XCConfigurationList;
			buildConfigurations = (
				E01EA2A81BEA8C06002119B7 /* Debug */,
				E01EA2A91BEA8C06002119B7 /* Release */,
			);
			defaultConfigurationIsVisible = 0;
			defaultConfigurationName = Release;
		};
/* End XCConfigurationList section */

/* Begin XCVersionGroup section */
		E01EA2801BEA8C06002119B7 /* TasteSwipeObjectiveCMantle.xcdatamodeld */ = {
			isa = XCVersionGroup;
			children = (
				E01EA2811BEA8C06002119B7 /* TasteSwipeObjectiveCMantle.xcdatamodel */,
			);
			currentVersion = E01EA2811BEA8C06002119B7 /* TasteSwipeObjectiveCMantle.xcdatamodel */;
			path = TasteSwipeObjectiveCMantle.xcdatamodeld;
			sourceTree = "<group>";
			versionGroupType = wrapper.xcdatamodel;
		};
/* End XCVersionGroup section */
	};
	rootObject = E01EA2691BEA8C06002119B7 /* Project object */;
}
